
Microsoft Visual Studio Solution File, Format Version 12.00
# Visual Studio Version 17
VisualStudioVersion = 17.4.33403.182
MinimumVisualStudioVersion = 10.0.40219.1
Project("{FAE04EC0-301F-11D3-BF4B-00C04F79EFBC}") = "WpfApp2", "WpfApp2.csproj", "{93AEAD37-B018-4911-B7EB-5A1A7879985D}"
EndProject
Global
	GlobalSection(SolutionConfigurationPlatforms) = preSolution
		Debug|Any CPU = Debug|Any CPU
		Release|Any CPU = Release|Any CPU
	EndGlobalSection
	GlobalSection(ProjectConfigurationPlatforms) = postSolution
		{93AEAD37-B018-4911-B7EB-5A1A7879985D}.Debug|Any CPU.ActiveCfg = Debug|Any CPU
		{93AEAD37-B018-4911-B7EB-5A1A7879985D}.Debug|Any CPU.Build.0 = Debug|Any CPU
		{93AEAD37-B018-4911-B7EB-5A1A7879985D}.Release|Any CPU.ActiveCfg = Release|Any CPU
		{93AEAD37-B018-4911-B7EB-5A1A7879985D}.Release|Any CPU.Build.0 = Release|Any CPU
	EndGlobalSection
	GlobalSection(SolutionProperties) = preSolution
		HideSolutionNode = FALSE
	EndGlobalSection
	GlobalSection(ExtensibilityGlobals) = postSolution
		SolutionGuid = {32F293B6-C0C7-4755-868C-1211C1B16C41}
	EndGlobalSection
EndGlobal
